
Microsoft Visual Studio Solution File, Format Version 12.00
# Visual Studio Version 17
VisualStudioVersion = 17.7.34024.191
MinimumVisualStudioVersion = 10.0.40219.1
Project("{FAE04EC0-301F-11D3-BF4B-00C04F79EFBC}") = "EFCoreWebDemo.Web", "EFCoreWebDemo.Web\EFCoreWebDemo.Web.csproj", "{2A5D05EF-75DD-49E4-8BC5-1CBD38F4A583}"
EndProject
Project("{FAE04EC0-301F-11D3-BF4B-00C04F79EFBC}") = "EFCoreWebDemo.Data", "EFCoreWebDemo.Data\EFCoreWebDemo.Data.csproj", "{8B433A9B-F630-4A83-97EF-67F7FBC561F3}"
EndProject
Global
	GlobalSection(SolutionConfigurationPlatforms) = preSolution
		Debug|Any CPU = Debug|Any CPU
		Release|Any CPU = Release|Any CPU
	EndGlobalSection
	GlobalSection(ProjectConfigurationPlatforms) = postSolution
		{2A5D05EF-75DD-49E4-8BC5-1CBD38F4A583}.Debug|Any CPU.ActiveCfg = Debug|Any CPU
		{2A5D05EF-75DD-49E4-8BC5-1CBD38F4A583}.Debug|Any CPU.Build.0 = Debug|Any CPU
		{2A5D05EF-75DD-49E4-8BC5-1CBD38F4A583}.Release|Any CPU.ActiveCfg = Release|Any CPU
		{2A5D05EF-75DD-49E4-8BC5-1CBD38F4A583}.Release|Any CPU.Build.0 = Release|Any CPU
		{8B433A9B-F630-4A83-97EF-67F7FBC561F3}.Debug|Any CPU.ActiveCfg = Debug|Any CPU
		{8B433A9B-F630-4A83-97EF-67F7FBC561F3}.Debug|Any CPU.Build.0 = Debug|Any CPU
		{8B433A9B-F630-4A83-97EF-67F7FBC561F3}.Release|Any CPU.ActiveCfg = Release|Any CPU
		{8B433A9B-F630-4A83-97EF-67F7FBC561F3}.Release|Any CPU.Build.0 = Release|Any CPU
	EndGlobalSection
	GlobalSection(SolutionProperties) = preSolution
		HideSolutionNode = FALSE
	EndGlobalSection
	GlobalSection(ExtensibilityGlobals) = postSolution
		SolutionGuid = {50A695A4-31B8-4B74-A757-FF9527DD2D23}
	EndGlobalSection
EndGlobal
